
Microsoft Visual Studio Solution File, Format Version 12.00
# Visual Studio Version 16
VisualStudioVersion = 16.0.29102.190
MinimumVisualStudioVersion = 10.0.40219.1
Project("{FAE04EC0-301F-11D3-BF4B-00C04F79EFBC}") = "DemoClass", "DemoClass\DemoClass.csproj", "{865A44EE-4C1D-47A0-8AB7-E640F7967C5A}"
EndProject
Global
	GlobalSection(SolutionConfigurationPlatforms) = preSolution
		Debug|Any CPU = Debug|Any CPU
		Release|Any CPU = Release|Any CPU
	EndGlobalSection
	GlobalSection(ProjectConfigurationPlatforms) = postSolution
		{865A44EE-4C1D-47A0-8AB7-E640F7967C5A}.Debug|Any CPU.ActiveCfg = Debug|Any CPU
		{865A44EE-4C1D-47A0-8AB7-E640F7967C5A}.Debug|Any CPU.Build.0 = Debug|Any CPU
		{865A44EE-4C1D-47A0-8AB7-E640F7967C5A}.Release|Any CPU.ActiveCfg = Release|Any CPU
		{865A44EE-4C1D-47A0-8AB7-E640F7967C5A}.Release|Any CPU.Build.0 = Release|Any CPU
	EndGlobalSection
	GlobalSection(SolutionProperties) = preSolution
		HideSolutionNode = FALSE
	EndGlobalSection
	GlobalSection(ExtensibilityGlobals) = postSolution
		SolutionGuid = {E807C433-8A7B-41CD-84DA-B421C2CAEC94}
	EndGlobalSection
EndGlobal
